
Microsoft Visual Studio Solution File, Format Version 12.00
# Visual Studio Version 17
VisualStudioVersion = 17.7.34024.191
MinimumVisualStudioVersion = 10.0.40219.1
Project("{FAE04EC0-301F-11D3-BF4B-00C04F79EFBC}") = "Individuellt projekt - Internetbank", "Individuellt projekt - Internetbank\Individuellt projekt - Internetbank.csproj", "{692AC256-1CA3-49B1-A663-9B869F55901A}"
EndProject
Global
	GlobalSection(SolutionConfigurationPlatforms) = preSolution
		Debug|Any CPU = Debug|Any CPU
		Release|Any CPU = Release|Any CPU
	EndGlobalSection
	GlobalSection(ProjectConfigurationPlatforms) = postSolution
		{692AC256-1CA3-49B1-A663-9B869F55901A}.Debug|Any CPU.ActiveCfg = Debug|Any CPU
		{692AC256-1CA3-49B1-A663-9B869F55901A}.Debug|Any CPU.Build.0 = Debug|Any CPU
		{692AC256-1CA3-49B1-A663-9B869F55901A}.Release|Any CPU.ActiveCfg = Release|Any CPU
		{692AC256-1CA3-49B1-A663-9B869F55901A}.Release|Any CPU.Build.0 = Release|Any CPU
	EndGlobalSection
	GlobalSection(SolutionProperties) = preSolution
		HideSolutionNode = FALSE
	EndGlobalSection
	GlobalSection(ExtensibilityGlobals) = postSolution
		SolutionGuid = {877535EF-25ED-48EB-AEF4-0C82B62D3949}
	EndGlobalSection
EndGlobal
